// !$*UTF8*$!
{
	archiveVersion = 1;
	classes = {
	};
	objectVersion = 46;
	objects = {

/* Begin PBXBuildFile section */
		1CDC26C41C56DFD9002A76BE /* main.m in Sources */ = {isa = PBXBuildFile; fileRef = 1CDC26C31C56DFD9002A76BE /* main.m */; };
		1CDC26C71C56DFD9002A76BE /* AppDelegate.m in Sources */ = {isa = PBXBuildFile; fileRef = 1CDC26C61C56DFD9002A76BE /* AppDelegate.m */; };
		1CDC26CA1C56DFD9002A76BE /* ViewController.m in Sources */ = {isa = PBXBuildFile; fileRef = 1CDC26C91C56DFD9002A76BE /* ViewController.m */; };
		1CDC26CD1C56DFD9002A76BE /* Main.storyboard in Resources */ = {isa = PBXBuildFile; fileRef = 1CDC26CB1C56DFD9002A76BE /* Main.storyboard */; };
		1CDC26CF1C56DFD9002A76BE /* Assets.xcassets in Resources */ = {isa = PBXBuildFile; fileRef = 1CDC26CE1C56DFD9002A76BE /* Assets.xcassets */; };
		1CDC26D21C56DFD9002A76BE /* LaunchScreen.storyboard in Resources */ = {isa = PBXBuildFile; fileRef = 1CDC26D01C56DFD9002A76BE /* LaunchScreen.storyboard */; };
		1CDC26DE1C56E037002A76BE /* MBUserDefaults.m in Sources */ = {isa = PBXBuildFile; fileRef = 1CDC26DD1C56E037002A76BE /* MBUserDefaults.m */; };
		1CF5449A1C57AB3800274AB4 /* PreferencesViewController.m in Sources */ = {isa = PBXBuildFile; fileRef = 1CF544991C57AB3800274AB4 /* PreferencesViewController.m */; };
/* End PBXBuildFile section */

/* Begin PBXFileReference section */
		1CDC26BF1C56DFD9002A76BE /* MBUserDefaults.app */ = {isa = PBXFileReference; explicitFileType = wrapper.application; includeInIndex = 0; path = MBUserDefaults.app; sourceTree = BUILT_PRODUCTS_DIR; };
		1CDC26C31C56DFD9002A76BE /* main.m */ = {isa = PBXFileReference; lastKnownFileType = sourcecode.c.objc; path = main.m; sourceTree = "<group>"; };
		1CDC26C51C56DFD9002A76BE /* AppDelegate.h */ = {isa = PBXFileReference; lastKnownFileType = sourcecode.c.h; path = AppDelegate.h; sourceTree = "<group>"; };
		1CDC26C61C56DFD9002A76BE /* AppDelegate.m */ = {isa = PBXFileReference; lastKnownFileType = sourcecode.c.objc; path = AppDelegate.m; sourceTree = "<group>"; };
		1CDC26C81C56DFD9002A76BE /* ViewController.h */ = {isa = PBXFileReference; lastKnownFileType = sourcecode.c.h; path = ViewController.h; sourceTree = "<group>"; };
		1CDC26C91C56DFD9002A76BE /* ViewController.m */ = {isa = PBXFileReference; lastKnownFileType = sourcecode.c.objc; path = ViewController.m; sourceTree = "<group>"; };
		1CDC26CC1C56DFD9002A76BE /* Base */ = {isa = PBXFileReference; lastKnownFileType = file.storyboard; name = Base; path = Base.lproj/Main.storyboard; sourceTree = "<group>"; };
		1CDC26CE1C56DFD9002A76BE /* Assets.xcassets */ = {isa = PBXFileReference; lastKnownFileType = folder.assetcatalog; path = Assets.xcassets; sourceTree = "<group>"; };
		1CDC26D11C56DFD9002A76BE /* Base */ = {isa = PBXFileReference; lastKnownFileType = file.storyboard; name = Base; path = Base.lproj/LaunchScreen.storyboard; sourceTree = "<group>"; };
		1CDC26D31C56DFD9002A76BE /* Info.plist */ = {isa = PBXFileReference; lastKnownFileType = text.plist.xml; path = Info.plist; sourceTree = "<group>"; };
		1CDC26DC1C56E037002A76BE /* MBUserDefaults.h */ = {isa = PBXFileReference; fileEncoding = 4; lastKnownFileType = sourcecode.c.h; path = MBUserDefaults.h; sourceTree = "<group>"; };
		1CDC26DD1C56E037002A76BE /* MBUserDefaults.m */ = {isa = PBXFileReference; fileEncoding = 4; lastKnownFileType = sourcecode.c.objc; path = MBUserDefaults.m; sourceTree = "<group>"; };
		1CF544981C57AB3800274AB4 /* PreferencesViewController.h */ = {isa = PBXFileReference; fileEncoding = 4; lastKnownFileType = sourcecode.c.h; path = PreferencesViewController.h; sourceTree = "<group>"; };
		1CF544991C57AB3800274AB4 /* PreferencesViewController.m */ = {isa = PBXFileReference; fileEncoding = 4; lastKnownFileType = sourcecode.c.objc; path = PreferencesViewController.m; sourceTree = "<group>"; };
/* End PBXFileReference section */

/* Begin PBXFrameworksBuildPhase section */
		1CDC26BC1C56DFD9002A76BE /* Frameworks */ = {
			isa = PBXFrameworksBuildPhase;
			buildActionMask = 2147483647;
			files = (
			);
			runOnlyForDeploymentPostprocessing = 0;
		};
/* End PBXFrameworksBuildPhase section */

/* Begin PBXGroup section */
		1CDC26B61C56DFD9002A76BE = {
			isa = PBXGroup;
			children = (
				1CDC26C11C56DFD9002A76BE /* MBUserDefaults */,
				1CDC26C01C56DFD9002A76BE /* Products */,
			);
			sourceTree = "<group>";
		};
		1CDC26C01C56DFD9002A76BE /* Products */ = {
			isa = PBXGroup;
			children = (
				1CDC26BF1C56DFD9002A76BE /* MBUserDefaults.app */,
			);
			name = Products;
			sourceTree = "<group>";
		};
		1CDC26C11C56DFD9002A76BE /* MBUserDefaults */ = {
			isa = PBXGroup;
			children = (
				1CDC26DA1C56E014002A76BE /* App Global */,
				1CDC26C21C56DFD9002A76BE /* Supporting Files */,
				1CDC26DB1C56E01B002A76BE /* View Controller */,
				1CDC26D91C56E00B002A76BE /* View */,
				1CDC26DC1C56E037002A76BE /* MBUserDefaults.h */,
				1CDC26DD1C56E037002A76BE /* MBUserDefaults.m */,
			);
			path = MBUserDefaults;
			sourceTree = "<group>";
		};
		1CDC26C21C56DFD9002A76BE /* Supporting Files */ = {
			isa = PBXGroup;
			children = (
				1CDC26C31C56DFD9002A76BE /* main.m */,
			);
			name = "Supporting Files";
			sourceTree = "<group>";
		};
		1CDC26D91C56E00B002A76BE /* View */ = {
			isa = PBXGroup;
			children = (
				1CDC26CB1C56DFD9002A76BE /* Main.storyboard */,
				1CDC26CE1C56DFD9002A76BE /* Assets.xcassets */,
				1CDC26D01C56DFD9002A76BE /* LaunchScreen.storyboard */,
			);
			name = View;
			sourceTree = "<group>";
		};
		1CDC26DA1C56E014002A76BE /* App Global */ = {
			isa = PBXGroup;
			children = (
				1CDC26C51C56DFD9002A76BE /* AppDelegate.h */,
				1CDC26C61C56DFD9002A76BE /* AppDelegate.m */,
				1CDC26D31C56DFD9002A76BE /* Info.plist */,
			);
			name = "App Global";
			sourceTree = "<group>";
		};
		1CDC26DB1C56E01B002A76BE /* View Controller */ = {
			isa = PBXGroup;
			children = (
				1CDC26C81C56DFD9002A76BE /* ViewController.h */,
				1CDC26C91C56DFD9002A76BE /* ViewController.m */,
				1CF544981C57AB3800274AB4 /* PreferencesViewController.h */,
				1CF544991C57AB3800274AB4 /* PreferencesViewController.m */,
			);
			name = "View Controller";
			sourceTree = "<group>";
		};
/* End PBXGroup section */

/* Begin PBXNativeTarget section */
		1CDC26BE1C56DFD9002A76BE /* MBUserDefaults */ = {
			isa = PBXNativeTarget;
			buildConfigurationList = 1CDC26D61C56DFD9002A76BE /* Build configuration list for PBXNativeTarget "MBUserDefaults" */;
			buildPhases = (
				1CDC26BB1C56DFD9002A76BE /* Sources */,
				1CDC26BC1C56DFD9002A76BE /* Frameworks */,
				1CDC26BD1C56DFD9002A76BE /* Resources */,
			);
			buildRules = (
			);
			dependencies = (
			);
			name = MBUserDefaults;
			productName = MBUserDefaults;
			productReference = 1CDC26BF1C56DFD9002A76BE /* MBUserDefaults.app */;
			productType = "com.apple.product-type.application";
		};
/* End PBXNativeTarget section */

/* Begin PBXProject section */
		1CDC26B71C56DFD9002A76BE /* Project object */ = {
			isa = PBXProject;
			attributes = {
				LastUpgradeCheck = 0720;
				ORGANIZATIONNAME = "Michael Babiy";
				TargetAttributes = {
					1CDC26BE1C56DFD9002A76BE = {
						CreatedOnToolsVersion = 7.2;
					};
				};
			};
			buildConfigurationList = 1CDC26BA1C56DFD9002A76BE /* Build configuration list for PBXProject "MBUserDefaults" */;
			compatibilityVersion = "Xcode 3.2";
			developmentRegion = English;
			hasScannedForEncodings = 0;
			knownRegions = (
				en,
				Base,
			);
			mainGroup = 1CDC26B61C56DFD9002A76BE;
			productRefGroup = 1CDC26C01C56DFD9002A76BE /* Products */;
			projectDirPath = "";
			projectRoot = "";
			targets = (
				1CDC26BE1C56DFD9002A76BE /* MBUserDefaults */,
			);
		};
/* End PBXProject section */

/* Begin PBXResourcesBuildPhase section */
		1CDC26BD1C56DFD9002A76BE /* Resources */ = {
			isa = PBXResourcesBuildPhase;
			buildActionMask = 2147483647;
			files = (
				1CDC26D21C56DFD9002A76BE /* LaunchScreen.storyboard in Resources */,
				1CDC26CF1C56DFD9002A76BE /* Assets.xcassets in Resources */,
				1CDC26CD1C56DFD9002A76BE /* Main.storyboard in Resources */,
			);
			runOnlyForDeploymentPostprocessing = 0;
		};
/* End PBXResourcesBuildPhase section */

/* Begin PBXSourcesBuildPhase section */
		1CDC26BB1C56DFD9002A76BE /* Sources */ = {
			isa = PBXSourcesBuildPhase;
			buildActionMask = 2147483647;
			files = (
				1CDC26CA1C56DFD9002A76BE /* ViewController.m in Sources */,
				1CDC26DE1C56E037002A76BE /* MBUserDefaults.m in Sources */,
				1CF5449A1C57AB3800274AB4 /* PreferencesViewController.m in Sources */,
				1CDC26C71C56DFD9002A76BE /* AppDelegate.m in Sources */,
				1CDC26C41C56DFD9002A76BE /* main.m in Sources */,
			);
			runOnlyForDeploymentPostprocessing = 0;
		};
/* End PBXSourcesBuildPhase section */

/* Begin PBXVariantGroup section */
		1CDC26CB1C56DFD9002A76BE /* Main.storyboard */ = {
			isa = PBXVariantGroup;
			children = (
				1CDC26CC1C56DFD9002A76BE /* Base */,
			);
			name = Main.storyboard;
			sourceTree = "<group>";
		};
		1CDC26D01C56DFD9002A76BE /* LaunchScreen.storyboard */ = {
			isa = PBXVariantGroup;
			children = (
				1CDC26D11C56DFD9002A76BE /* Base */,
			);
			name = LaunchScreen.storyboard;
			sourceTree = "<group>";
		};
/* End PBXVariantGroup section */

/* Begin XCBuildConfiguration section */
		1CDC26D41C56DFD9002A76BE /* Debug */ = {
			isa = XCBuildConfiguration;
			buildSettings = {
				ALWAYS_SEARCH_USER_PATHS = NO;
				CLANG_CXX_LANGUAGE_STANDARD = "gnu++0x";
				CLANG_CXX_LIBRARY = "libc++";
				CLANG_ENABLE_MODULES = YES;
				CLANG_ENABLE_OBJC_ARC = YES;
				CLANG_WARN_BOOL_CONVERSION = YES;
				CLANG_WARN_CONSTANT_CONVERSION = YES;
				CLANG_WARN_DIRECT_OBJC_ISA_USAGE = YES_ERROR;
				CLANG_WARN_EMPTY_BODY = YES;
				CLANG_WARN_ENUM_CONVERSION = YES;
				CLANG_WARN_INT_CONVERSION = YES;
				CLANG_WARN_OBJC_ROOT_CLASS = YES_ERROR;
				CLANG_WARN_UNREACHABLE_CODE = YES;
				CLANG_WARN__DUPLICATE_METHOD_MATCH = YES;
				"CODE_SIGN_IDENTITY[sdk=iphoneos*]" = "iPhone Developer";
				COPY_PHASE_STRIP = NO;
				DEBUG_INFORMATION_FORMAT = dwarf;
				ENABLE_STRICT_OBJC_MSGSEND = YES;
				ENABLE_TESTABILITY = YES;
				GCC_C_LANGUAGE_STANDARD = gnu99;
				GCC_DYNAMIC_NO_PIC = NO;
				GCC_NO_COMMON_BLOCKS = YES;
				GCC_OPTIMIZATION_LEVEL = 0;
				GCC_PREPROCESSOR_DEFINITIONS = (
					"DEBUG=1",
					"$(inherited)",
				);
				GCC_WARN_64_TO_32_BIT_CONVERSION = YES;
				GCC_WARN_ABOUT_RETURN_TYPE = YES_ERROR;
				GCC_WARN_UNDECLARED_SELECTOR = YES;
				GCC_WARN_UNINITIALIZED_AUTOS = YES_AGGRESSIVE;
				GCC_WARN_UNUSED_FUNCTION = YES;
				GCC_WARN_UNUSED_VARIABLE = YES;
				IPHONEOS_DEPLOYMENT_TARGET = 9.2;
				MTL_ENABLE_DEBUG_INFO = YES;
				ONLY_ACTIVE_ARCH = YES;
				SDKROOT = iphoneos;
				TARGETED_DEVICE_FAMILY = "1,2";
			};
			name = Debug;
		};
		1CDC26D51C56DFD9002A76BE /* Release */ = {
			isa = XCBuildConfiguration;
			buildSettings = {
				ALWAYS_SEARCH_USER_PATHS = NO;
				CLANG_CXX_LANGUAGE_STANDARD = "gnu++0x";
				CLANG_CXX_LIBRARY = "libc++";
				CLANG_ENABLE_MODULES = YES;
				CLANG_ENABLE_OBJC_ARC = YES;
				CLANG_WARN_BOOL_CONVERSION = YES;
				CLANG_WARN_CONSTANT_CONVERSION = YES;
				CLANG_WARN_DIRECT_OBJC_ISA_USAGE = YES_ERROR;
				CLANG_WARN_EMPTY_BODY = YES;
				CLANG_WARN_ENUM_CONVERSION = YES;
				CLANG_WARN_INT_CONVERSION = YES;
				CLANG_WARN_OBJC_ROOT_CLASS = YES_ERROR;
				CLANG_WARN_UNREACHABLE_CODE = YES;
				CLANG_WARN__DUPLICATE_METHOD_MATCH = YES;
				"CODE_SIGN_IDENTITY[sdk=iphoneos*]" = "iPhone Developer";
				COPY_PHASE_STRIP = NO;
				DEBUG_INFORMATION_FORMAT = "dwarf-with-dsym";
				ENABLE_NS_ASSERTIONS = NO;
				ENABLE_STRICT_OBJC_MSGSEND = YES;
				GCC_C_LANGUAGE_STANDARD = gnu99;
				GCC_NO_COMMON_BLOCKS = YES;
				GCC_WARN_64_TO_32_BIT_CONVERSION = YES;
				GCC_WARN_ABOUT_RETURN_TYPE = YES_ERROR;
				GCC_WARN_UNDECLARED_SELECTOR = YES;
				GCC_WARN_UNINITIALIZED_AUTOS = YES_AGGRESSIVE;
				GCC_WARN_UNUSED_FUNCTION = YES;
				GCC_WARN_UNUSED_VARIABLE = YES;
				IPHONEOS_DEPLOYMENT_TARGET = 9.2;
				MTL_ENABLE_DEBUG_INFO = NO;
				SDKROOT = iphoneos;
				TARGETED_DEVICE_FAMILY = "1,2";
				VALIDATE_PRODUCT = YES;
			};
			name = Release;
		};
		1CDC26D71C56DFD9002A76BE /* Debug */ = {
			isa = XCBuildConfiguration;
			buildSettings = {
				ASSETCATALOG_COMPILER_APPICON_NAME = AppIcon;
				INFOPLIST_FILE = MBUserDefaults/Info.plist;
				IPHONEOS_DEPLOYMENT_TARGET = 9.0;
				LD_RUNPATH_SEARCH_PATHS = "$(inherited) @executable_path/Frameworks";
				PRODUCT_BUNDLE_IDENTIFIER = com.michaelbabiy.MBUserDefaults;
				PRODUCT_NAME = "$(TARGET_NAME)";
			};
			name = Debug;
		};
		1CDC26D81C56DFD9002A76BE /* Release */ = {
			isa = XCBuildConfiguration;
			buildSettings = {
				ASSETCATALOG_COMPILER_APPICON_NAME = AppIcon;
				INFOPLIST_FILE = MBUserDefaults/Info.plist;
				IPHONEOS_DEPLOYMENT_TARGET = 9.0;
				LD_RUNPATH_SEARCH_PATHS = "$(inherited) @executable_path/Frameworks";
				PRODUCT_BUNDLE_IDENTIFIER = com.michaelbabiy.MBUserDefaults;
				PRODUCT_NAME = "$(TARGET_NAME)";
			};
			name = Release;
		};
/* End XCBuildConfiguration section */

/* Begin XCConfigurationList section */
		1CDC26BA1C56DFD9002A76BE /* Build configuration list for PBXProject "MBUserDefaults" */ = {
			isa = XCConfigurationList;
			buildConfigurations = (
				1CDC26D41C56DFD9002A76BE /* Debug */,
				1CDC26D51C56DFD9002A76BE /* Release */,
			);
			defaultConfigurationIsVisible = 0;
			defaultConfigurationName = Release;
		};
		1CDC26D61C56DFD9002A76BE /* Build configuration list for PBXNativeTarget "MBUserDefaults" */ = {
			isa = XCConfigurationList;
			buildConfigurations = (
				1CDC26D71C56DFD9002A76BE /* Debug */,
				1CDC26D81C56DFD9002A76BE /* Release */,
			);
			defaultConfigurationIsVisible = 0;
			defaultConfigurationName = Release;
		};
/* End XCConfigurationList section */
	};
	rootObject = 1CDC26B71C56DFD9002A76BE /* Project object */;
}
